// !$*UTF8*$!
{
	archiveVersion = 1;
	classes = {
	};
	objectVersion = 55;
	objects = {

/* Begin PBXBuildFile section */
		B772A8E628C7CDA000D118BE /* HouseModel.swift in Sources */ = {isa = PBXBuildFile; fileRef = B772A8E528C7CDA000D118BE /* HouseModel.swift */; };
		B772A8E928C7E83800D118BE /* CustomTableViewCell.swift in Sources */ = {isa = PBXBuildFile; fileRef = B772A8E828C7E83800D118BE /* CustomTableViewCell.swift */; };
		B7CA42D928C7BCF4005AA76B /* AppDelegate.swift in Sources */ = {isa = PBXBuildFile; fileRef = B7CA42D828C7BCF4005AA76B /* AppDelegate.swift */; };
		B7CA42DB28C7BCF4005AA76B /* SceneDelegate.swift in Sources */ = {isa = PBXBuildFile; fileRef = B7CA42DA28C7BCF4005AA76B /* SceneDelegate.swift */; };
		B7CA42DD28C7BCF4005AA76B /* ShowCaseViewController.swift in Sources */ = {isa = PBXBuildFile; fileRef = B7CA42DC28C7BCF4005AA76B /* ShowCaseViewController.swift */; };
		B7CA42E028C7BCF4005AA76B /* Main.storyboard in Resources */ = {isa = PBXBuildFile; fileRef = B7CA42DE28C7BCF4005AA76B /* Main.storyboard */; };
		B7CA42E228C7BCF7005AA76B /* Assets.xcassets in Resources */ = {isa = PBXBuildFile; fileRef = B7CA42E128C7BCF7005AA76B /* Assets.xcassets */; };
		B7CA42E528C7BCF7005AA76B /* LaunchScreen.storyboard in Resources */ = {isa = PBXBuildFile; fileRef = B7CA42E328C7BCF7005AA76B /* LaunchScreen.storyboard */; };
		FDB408C628CB381E00F12DB6 /* HouseDetailViewController.swift in Sources */ = {isa = PBXBuildFile; fileRef = FDB408C528CB381E00F12DB6 /* HouseDetailViewController.swift */; };
/* End PBXBuildFile section */

/* Begin PBXFileReference section */
		B772A8E528C7CDA000D118BE /* HouseModel.swift */ = {isa = PBXFileReference; lastKnownFileType = sourcecode.swift; path = HouseModel.swift; sourceTree = "<group>"; };
		B772A8E828C7E83800D118BE /* CustomTableViewCell.swift */ = {isa = PBXFileReference; lastKnownFileType = sourcecode.swift; path = CustomTableViewCell.swift; sourceTree = "<group>"; };
		B7CA42D528C7BCF4005AA76B /* VillagioRealtyApp.app */ = {isa = PBXFileReference; explicitFileType = wrapper.application; includeInIndex = 0; path = VillagioRealtyApp.app; sourceTree = BUILT_PRODUCTS_DIR; };
		B7CA42D828C7BCF4005AA76B /* AppDelegate.swift */ = {isa = PBXFileReference; lastKnownFileType = sourcecode.swift; path = AppDelegate.swift; sourceTree = "<group>"; };
		B7CA42DA28C7BCF4005AA76B /* SceneDelegate.swift */ = {isa = PBXFileReference; lastKnownFileType = sourcecode.swift; path = SceneDelegate.swift; sourceTree = "<group>"; };
		B7CA42DC28C7BCF4005AA76B /* ShowCaseViewController.swift */ = {isa = PBXFileReference; lastKnownFileType = sourcecode.swift; path = ShowCaseViewController.swift; sourceTree = "<group>"; };
		B7CA42DF28C7BCF4005AA76B /* Base */ = {isa = PBXFileReference; lastKnownFileType = file.storyboard; name = Base; path = Base.lproj/Main.storyboard; sourceTree = "<group>"; };
		B7CA42E128C7BCF7005AA76B /* Assets.xcassets */ = {isa = PBXFileReference; lastKnownFileType = folder.assetcatalog; path = Assets.xcassets; sourceTree = "<group>"; };
		B7CA42E428C7BCF7005AA76B /* Base */ = {isa = PBXFileReference; lastKnownFileType = file.storyboard; name = Base; path = Base.lproj/LaunchScreen.storyboard; sourceTree = "<group>"; };
		B7CA42E628C7BCF7005AA76B /* Info.plist */ = {isa = PBXFileReference; lastKnownFileType = text.plist; path = Info.plist; sourceTree = "<group>"; };
		FDB408C528CB381E00F12DB6 /* HouseDetailViewController.swift */ = {isa = PBXFileReference; lastKnownFileType = sourcecode.swift; path = HouseDetailViewController.swift; sourceTree = "<group>"; };
/* End PBXFileReference section */

/* Begin PBXFrameworksBuildPhase section */
		B7CA42D228C7BCF4005AA76B /* Frameworks */ = {
			isa = PBXFrameworksBuildPhase;
			buildActionMask = 2147483647;
			files = (
			);
			runOnlyForDeploymentPostprocessing = 0;
		};
/* End PBXFrameworksBuildPhase section */

/* Begin PBXGroup section */
		B772A8E728C7CDA700D118BE /* Models */ = {
			isa = PBXGroup;
			children = (
				B772A8E528C7CDA000D118BE /* HouseModel.swift */,
			);
			path = Models;
			sourceTree = "<group>";
		};
		B7CA42CC28C7BCF4005AA76B = {
			isa = PBXGroup;
			children = (
				B7CA42D728C7BCF4005AA76B /* VillagioRealtyApp */,
				B7CA42D628C7BCF4005AA76B /* Products */,
			);
			sourceTree = "<group>";
		};
		B7CA42D628C7BCF4005AA76B /* Products */ = {
			isa = PBXGroup;
			children = (
				B7CA42D528C7BCF4005AA76B /* VillagioRealtyApp.app */,
			);
			name = Products;
			sourceTree = "<group>";
		};
		B7CA42D728C7BCF4005AA76B /* VillagioRealtyApp */ = {
			isa = PBXGroup;
			children = (
				B7CA42EE28C7C8B3005AA76B /* ViewControllers */,
				B772A8E728C7CDA700D118BE /* Models */,
				B7CA42ED28C7C8A3005AA76B /* Storyboadrs */,
				B7CA42EC28C7C883005AA76B /* SupportFiles */,
			);
			path = VillagioRealtyApp;
			sourceTree = "<group>";
		};
		B7CA42EC28C7C883005AA76B /* SupportFiles */ = {
			isa = PBXGroup;
			children = (
				B7CA42D828C7BCF4005AA76B /* AppDelegate.swift */,
				B7CA42DA28C7BCF4005AA76B /* SceneDelegate.swift */,
				B7CA42E128C7BCF7005AA76B /* Assets.xcassets */,
				B7CA42E628C7BCF7005AA76B /* Info.plist */,
			);
			path = SupportFiles;
			sourceTree = "<group>";
		};
		B7CA42ED28C7C8A3005AA76B /* Storyboadrs */ = {
			isa = PBXGroup;
			children = (
				B7CA42DE28C7BCF4005AA76B /* Main.storyboard */,
				B7CA42E328C7BCF7005AA76B /* LaunchScreen.storyboard */,
			);
			path = Storyboadrs;
			sourceTree = "<group>";
		};
		B7CA42EE28C7C8B3005AA76B /* ViewControllers */ = {
			isa = PBXGroup;
			children = (
				B7CA42DC28C7BCF4005AA76B /* ShowCaseViewController.swift */,
				FDB408C528CB381E00F12DB6 /* HouseDetailViewController.swift */,
				B772A8E828C7E83800D118BE /* CustomTableViewCell.swift */,
			);
			path = ViewControllers;
			sourceTree = "<group>";
		};
/* End PBXGroup section */

/* Begin PBXNativeTarget section */
		B7CA42D428C7BCF4005AA76B /* VillagioRealtyApp */ = {
			isa = PBXNativeTarget;
			buildConfigurationList = B7CA42E928C7BCF7005AA76B /* Build configuration list for PBXNativeTarget "VillagioRealtyApp" */;
			buildPhases = (
				B7CA42D128C7BCF4005AA76B /* Sources */,
				B7CA42D228C7BCF4005AA76B /* Frameworks */,
				B7CA42D328C7BCF4005AA76B /* Resources */,
			);
			buildRules = (
			);
			dependencies = (
			);
			name = VillagioRealtyApp;
			productName = VillagioRealtyApp;
			productReference = B7CA42D528C7BCF4005AA76B /* VillagioRealtyApp.app */;
			productType = "com.apple.product-type.application";
		};
/* End PBXNativeTarget section */

/* Begin PBXProject section */
		B7CA42CD28C7BCF4005AA76B /* Project object */ = {
			isa = PBXProject;
			attributes = {
				BuildIndependentTargetsInParallel = 1;
				LastSwiftUpdateCheck = 1340;
				LastUpgradeCheck = 1340;
				TargetAttributes = {
					B7CA42D428C7BCF4005AA76B = {
						CreatedOnToolsVersion = 13.4.1;
					};
				};
			};
			buildConfigurationList = B7CA42D028C7BCF4005AA76B /* Build configuration list for PBXProject "VillagioRealtyApp" */;
			compatibilityVersion = "Xcode 13.0";
			developmentRegion = en;
			hasScannedForEncodings = 0;
			knownRegions = (
				en,
				Base,
			);
			mainGroup = B7CA42CC28C7BCF4005AA76B;
			productRefGroup = B7CA42D628C7BCF4005AA76B /* Products */;
			projectDirPath = "";
			projectRoot = "";
			targets = (
				B7CA42D428C7BCF4005AA76B /* VillagioRealtyApp */,
			);
		};
/* End PBXProject section */

/* Begin PBXResourcesBuildPhase section */
		B7CA42D328C7BCF4005AA76B /* Resources */ = {
			isa = PBXResourcesBuildPhase;
			buildActionMask = 2147483647;
			files = (
				B7CA42E528C7BCF7005AA76B /* LaunchScreen.storyboard in Resources */,
				B7CA42E228C7BCF7005AA76B /* Assets.xcassets in Resources */,
				B7CA42E028C7BCF4005AA76B /* Main.storyboard in Resources */,
			);
			runOnlyForDeploymentPostprocessing = 0;
		};
/* End PBXResourcesBuildPhase section */

/* Begin PBXSourcesBuildPhase section */
		B7CA42D128C7BCF4005AA76B /* Sources */ = {
			isa = PBXSourcesBuildPhase;
			buildActionMask = 2147483647;
			files = (
				B772A8E628C7CDA000D118BE /* HouseModel.swift in Sources */,
				B772A8E928C7E83800D118BE /* CustomTableViewCell.swift in Sources */,
				FDB408C628CB381E00F12DB6 /* HouseDetailViewController.swift in Sources */,
				B7CA42DD28C7BCF4005AA76B /* ShowCaseViewController.swift in Sources */,
				B7CA42D928C7BCF4005AA76B /* AppDelegate.swift in Sources */,
				B7CA42DB28C7BCF4005AA76B /* SceneDelegate.swift in Sources */,
			);
			runOnlyForDeploymentPostprocessing = 0;
		};
/* End PBXSourcesBuildPhase section */

/* Begin PBXVariantGroup section */
		B7CA42DE28C7BCF4005AA76B /* Main.storyboard */ = {
			isa = PBXVariantGroup;
			children = (
				B7CA42DF28C7BCF4005AA76B /* Base */,
			);
			name = Main.storyboard;
			sourceTree = "<group>";
		};
		B7CA42E328C7BCF7005AA76B /* LaunchScreen.storyboard */ = {
			isa = PBXVariantGroup;
			children = (
				B7CA42E428C7BCF7005AA76B /* Base */,
			);
			name = LaunchScreen.storyboard;
			sourceTree = "<group>";
		};
/* End PBXVariantGroup section */

/* Begin XCBuildConfiguration section */
		B7CA42E728C7BCF7005AA76B /* Debug */ = {
			isa = XCBuildConfiguration;
			buildSettings = {
				ALWAYS_SEARCH_USER_PATHS = NO;
				CLANG_ANALYZER_NONNULL = YES;
				CLANG_ANALYZER_NUMBER_OBJECT_CONVERSION = YES_AGGRESSIVE;
				CLANG_CXX_LANGUAGE_STANDARD = "gnu++17";
				CLANG_ENABLE_MODULES = YES;
				CLANG_ENABLE_OBJC_ARC = YES;
				CLANG_ENABLE_OBJC_WEAK = YES;
				CLANG_WARN_BLOCK_CAPTURE_AUTORELEASING = YES;
				CLANG_WARN_BOOL_CONVERSION = YES;
				CLANG_WARN_COMMA = YES;
				CLANG_WARN_CONSTANT_CONVERSION = YES;
				CLANG_WARN_DEPRECATED_OBJC_IMPLEMENTATIONS = YES;
				CLANG_WARN_DIRECT_OBJC_ISA_USAGE = YES_ERROR;
				CLANG_WARN_DOCUMENTATION_COMMENTS = YES;
				CLANG_WARN_EMPTY_BODY = YES;
				CLANG_WARN_ENUM_CONVERSION = YES;
				CLANG_WARN_INFINITE_RECURSION = YES;
				CLANG_WARN_INT_CONVERSION = YES;
				CLANG_WARN_NON_LITERAL_NULL_CONVERSION = YES;
				CLANG_WARN_OBJC_IMPLICIT_RETAIN_SELF = YES;
				CLANG_WARN_OBJC_LITERAL_CONVERSION = YES;
				CLANG_WARN_OBJC_ROOT_CLASS = YES_ERROR;
				CLANG_WARN_QUOTED_INCLUDE_IN_FRAMEWORK_HEADER = YES;
				CLANG_WARN_RANGE_LOOP_ANALYSIS = YES;
				CLANG_WARN_STRICT_PROTOTYPES = YES;
				CLANG_WARN_SUSPICIOUS_MOVE = YES;
				CLANG_WARN_UNGUARDED_AVAILABILITY = YES_AGGRESSIVE;
				CLANG_WARN_UNREACHABLE_CODE = YES;
				CLANG_WARN__DUPLICATE_METHOD_MATCH = YES;
				COPY_PHASE_STRIP = NO;
				DEBUG_INFORMATION_FORMAT = dwarf;
				ENABLE_STRICT_OBJC_MSGSEND = YES;
				ENABLE_TESTABILITY = YES;
				GCC_C_LANGUAGE_STANDARD = gnu11;
				GCC_DYNAMIC_NO_PIC = NO;
				GCC_NO_COMMON_BLOCKS = YES;
				GCC_OPTIMIZATION_LEVEL = 0;
				GCC_PREPROCESSOR_DEFINITIONS = (
					"DEBUG=1",
					"$(inherited)",
				);
				GCC_WARN_64_TO_32_BIT_CONVERSION = YES;
				GCC_WARN_ABOUT_RETURN_TYPE = YES_ERROR;
				GCC_WARN_UNDECLARED_SELECTOR = YES;
				GCC_WARN_UNINITIALIZED_AUTOS = YES_AGGRESSIVE;
				GCC_WARN_UNUSED_FUNCTION = YES;
				GCC_WARN_UNUSED_VARIABLE = YES;
				IPHONEOS_DEPLOYMENT_TARGET = 15.5;
				MTL_ENABLE_DEBUG_INFO = INCLUDE_SOURCE;
				MTL_FAST_MATH = YES;
				ONLY_ACTIVE_ARCH = YES;
				SDKROOT = iphoneos;
				SWIFT_ACTIVE_COMPILATION_CONDITIONS = DEBUG;
				SWIFT_OPTIMIZATION_LEVEL = "-Onone";
			};
			name = Debug;
		};
		B7CA42E828C7BCF7005AA76B /* Release */ = {
			isa = XCBuildConfiguration;
			buildSettings = {
				ALWAYS_SEARCH_USER_PATHS = NO;
				CLANG_ANALYZER_NONNULL = YES;
				CLANG_ANALYZER_NUMBER_OBJECT_CONVERSION = YES_AGGRESSIVE;
				CLANG_CXX_LANGUAGE_STANDARD = "gnu++17";
				CLANG_ENABLE_MODULES = YES;
				CLANG_ENABLE_OBJC_ARC = YES;
				CLANG_ENABLE_OBJC_WEAK = YES;
				CLANG_WARN_BLOCK_CAPTURE_AUTORELEASING = YES;
				CLANG_WARN_BOOL_CONVERSION = YES;
				CLANG_WARN_COMMA = YES;
				CLANG_WARN_CONSTANT_CONVERSION = YES;
				CLANG_WARN_DEPRECATED_OBJC_IMPLEMENTATIONS = YES;
				CLANG_WARN_DIRECT_OBJC_ISA_USAGE = YES_ERROR;
				CLANG_WARN_DOCUMENTATION_COMMENTS = YES;
				CLANG_WARN_EMPTY_BODY = YES;
				CLANG_WARN_ENUM_CONVERSION = YES;
				CLANG_WARN_INFINITE_RECURSION = YES;
				CLANG_WARN_INT_CONVERSION = YES;
				CLANG_WARN_NON_LITERAL_NULL_CONVERSION = YES;
				CLANG_WARN_OBJC_IMPLICIT_RETAIN_SELF = YES;
				CLANG_WARN_OBJC_LITERAL_CONVERSION = YES;
				CLANG_WARN_OBJC_ROOT_CLASS = YES_ERROR;
				CLANG_WARN_QUOTED_INCLUDE_IN_FRAMEWORK_HEADER = YES;
				CLANG_WARN_RANGE_LOOP_ANALYSIS = YES;
				CLANG_WARN_STRICT_PROTOTYPES = YES;
				CLANG_WARN_SUSPICIOUS_MOVE = YES;
				CLANG_WARN_UNGUARDED_AVAILABILITY = YES_AGGRESSIVE;
				CLANG_WARN_UNREACHABLE_CODE = YES;
				CLANG_WARN__DUPLICATE_METHOD_MATCH = YES;
				COPY_PHASE_STRIP = NO;
				DEBUG_INFORMATION_FORMAT = "dwarf-with-dsym";
				ENABLE_NS_ASSERTIONS = NO;
				ENABLE_STRICT_OBJC_MSGSEND = YES;
				GCC_C_LANGUAGE_STANDARD = gnu11;
				GCC_NO_COMMON_BLOCKS = YES;
				GCC_WARN_64_TO_32_BIT_CONVERSION = YES;
				GCC_WARN_ABOUT_RETURN_TYPE = YES_ERROR;
				GCC_WARN_UNDECLARED_SELECTOR = YES;
				GCC_WARN_UNINITIALIZED_AUTOS = YES_AGGRESSIVE;
				GCC_WARN_UNUSED_FUNCTION = YES;
				GCC_WARN_UNUSED_VARIABLE = YES;
				IPHONEOS_DEPLOYMENT_TARGET = 15.5;
				MTL_ENABLE_DEBUG_INFO = NO;
				MTL_FAST_MATH = YES;
				SDKROOT = iphoneos;
				SWIFT_COMPILATION_MODE = wholemodule;
				SWIFT_OPTIMIZATION_LEVEL = "-O";
				VALIDATE_PRODUCT = YES;
			};
			name = Release;
		};
		B7CA42EA28C7BCF7005AA76B /* Debug */ = {
			isa = XCBuildConfiguration;
			buildSettings = {
				ASSETCATALOG_COMPILER_APPICON_NAME = AppIcon;
				ASSETCATALOG_COMPILER_GLOBAL_ACCENT_COLOR_NAME = AccentColor;
				CODE_SIGN_STYLE = Automatic;
				CURRENT_PROJECT_VERSION = 1;
				GENERATE_INFOPLIST_FILE = YES;
				INFOPLIST_FILE = VillagioRealtyApp/Info.plist;
				INFOPLIST_KEY_UIApplicationSupportsIndirectInputEvents = YES;
				INFOPLIST_KEY_UILaunchStoryboardName = LaunchScreen;
				INFOPLIST_KEY_UIMainStoryboardFile = Main;
				INFOPLIST_KEY_UISupportedInterfaceOrientations_iPad = "UIInterfaceOrientationPortrait UIInterfaceOrientationPortraitUpsideDown UIInterfaceOrientationLandscapeLeft UIInterfaceOrientationLandscapeRight";
				INFOPLIST_KEY_UISupportedInterfaceOrientations_iPhone = "UIInterfaceOrientationPortrait UIInterfaceOrientationLandscapeLeft UIInterfaceOrientationLandscapeRight";
				LD_RUNPATH_SEARCH_PATHS = (
					"$(inherited)",
					"@executable_path/Frameworks",
				);
				MARKETING_VERSION = 1.0;
				PRODUCT_BUNDLE_IDENTIFIER = "KHILCHENKO-ROMAN.VillagioRealtyApp";
				PRODUCT_NAME = "$(TARGET_NAME)";
				SWIFT_EMIT_LOC_STRINGS = YES;
				SWIFT_VERSION = 5.0;
				TARGETED_DEVICE_FAMILY = "1,2";
			};
			name = Debug;
		};
		B7CA42EB28C7BCF7005AA76B /* Release */ = {
			isa = XCBuildConfiguration;
			buildSettings = {
				ASSETCATALOG_COMPILER_APPICON_NAME = AppIcon;
				ASSETCATALOG_COMPILER_GLOBAL_ACCENT_COLOR_NAME = AccentColor;
				CODE_SIGN_STYLE = Automatic;
				CURRENT_PROJECT_VERSION = 1;
				GENERATE_INFOPLIST_FILE = YES;
				INFOPLIST_FILE = VillagioRealtyApp/Info.plist;
				INFOPLIST_KEY_UIApplicationSupportsIndirectInputEvents = YES;
				INFOPLIST_KEY_UILaunchStoryboardName = LaunchScreen;
				INFOPLIST_KEY_UIMainStoryboardFile = Main;
				INFOPLIST_KEY_UISupportedInterfaceOrientations_iPad = "UIInterfaceOrientationPortrait UIInterfaceOrientationPortraitUpsideDown UIInterfaceOrientationLandscapeLeft UIInterfaceOrientationLandscapeRight";
				INFOPLIST_KEY_UISupportedInterfaceOrientations_iPhone = "UIInterfaceOrientationPortrait UIInterfaceOrientationLandscapeLeft UIInterfaceOrientationLandscapeRight";
				LD_RUNPATH_SEARCH_PATHS = (
					"$(inherited)",
					"@executable_path/Frameworks",
				);
				MARKETING_VERSION = 1.0;
				PRODUCT_BUNDLE_IDENTIFIER = "KHILCHENKO-ROMAN.VillagioRealtyApp";
				PRODUCT_NAME = "$(TARGET_NAME)";
				SWIFT_EMIT_LOC_STRINGS = YES;
				SWIFT_VERSION = 5.0;
				TARGETED_DEVICE_FAMILY = "1,2";
			};
			name = Release;
		};
/* End XCBuildConfiguration section */

/* Begin XCConfigurationList section */
		B7CA42D028C7BCF4005AA76B /* Build configuration list for PBXProject "VillagioRealtyApp" */ = {
			isa = XCConfigurationList;
			buildConfigurations = (
				B7CA42E728C7BCF7005AA76B /* Debug */,
				B7CA42E828C7BCF7005AA76B /* Release */,
			);
			defaultConfigurationIsVisible = 0;
			defaultConfigurationName = Release;
		};
		B7CA42E928C7BCF7005AA76B /* Build configuration list for PBXNativeTarget "VillagioRealtyApp" */ = {
			isa = XCConfigurationList;
			buildConfigurations = (
				B7CA42EA28C7BCF7005AA76B /* Debug */,
				B7CA42EB28C7BCF7005AA76B /* Release */,
			);
			defaultConfigurationIsVisible = 0;
			defaultConfigurationName = Release;
		};
/* End XCConfigurationList section */
	};
	rootObject = B7CA42CD28C7BCF4005AA76B /* Project object */;
}
